
Microsoft Visual Studio Solution File, Format Version 12.00
# Visual Studio Version 17
VisualStudioVersion = 17.4.33213.308
MinimumVisualStudioVersion = 10.0.40219.1
Project("{FAE04EC0-301F-11D3-BF4B-00C04F79EFBC}") = "moment2", "moment2\moment2.csproj", "{77D0D720-8ABD-4727-8287-84558FF34280}"
EndProject
Global
	GlobalSection(SolutionConfigurationPlatforms) = preSolution
		Debug|Any CPU = Debug|Any CPU
		Release|Any CPU = Release|Any CPU
	EndGlobalSection
	GlobalSection(ProjectConfigurationPlatforms) = postSolution
		{77D0D720-8ABD-4727-8287-84558FF34280}.Debug|Any CPU.ActiveCfg = Debug|Any CPU
		{77D0D720-8ABD-4727-8287-84558FF34280}.Debug|Any CPU.Build.0 = Debug|Any CPU
		{77D0D720-8ABD-4727-8287-84558FF34280}.Release|Any CPU.ActiveCfg = Release|Any CPU
		{77D0D720-8ABD-4727-8287-84558FF34280}.Release|Any CPU.Build.0 = Release|Any CPU
	EndGlobalSection
	GlobalSection(SolutionProperties) = preSolution
		HideSolutionNode = FALSE
	EndGlobalSection
	GlobalSection(ExtensibilityGlobals) = postSolution
		SolutionGuid = {E7F39A69-7344-43C9-B9CA-BCC41ED738D6}
	EndGlobalSection
EndGlobal
